
Microsoft Visual Studio Solution File, Format Version 12.00
Project("{FAE04EC0-301F-11D3-BF4B-00C04F79EFBC}") = "EquipmentRentalService", "EquipmentRentalService\EquipmentRentalService.csproj", "{D71A8C0A-80BC-49B4-AE64-1F14C0861BA8}"
EndProject
Global
	GlobalSection(SolutionConfigurationPlatforms) = preSolution
		Debug|Any CPU = Debug|Any CPU
		Release|Any CPU = Release|Any CPU
	EndGlobalSection
	GlobalSection(ProjectConfigurationPlatforms) = postSolution
		{D71A8C0A-80BC-49B4-AE64-1F14C0861BA8}.Debug|Any CPU.ActiveCfg = Debug|Any CPU
		{D71A8C0A-80BC-49B4-AE64-1F14C0861BA8}.Debug|Any CPU.Build.0 = Debug|Any CPU
		{D71A8C0A-80BC-49B4-AE64-1F14C0861BA8}.Release|Any CPU.ActiveCfg = Release|Any CPU
		{D71A8C0A-80BC-49B4-AE64-1F14C0861BA8}.Release|Any CPU.Build.0 = Release|Any CPU
	EndGlobalSection
EndGlobal
